{
  "name": "notes",
  "version": "1.0.0",
  "lockfileVersion": 1,
  "requires": true,
  "dependencies": {
    "require-text": {
      "version": "0.0.1",
      "resolved": "http://registry.npm.taobao.org/require-text/download/require-text-0.0.1.tgz",
      "integrity": "sha1-zeej5EO3HBTh7A1c78/NQY3/1m4="
    },
    "requirejs-text": {
      "version": "2.0.15",
      "resolved": "http://registry.npm.taobao.org/requirejs-text/download/requirejs-text-2.0.15.tgz",
      "integrity": "sha1-ExOHM2E/xEV7fhJH6Mt1HfeqVCk="
    }
  }
}
